
Microsoft Visual Studio Solution File, Format Version 12.00
Project("{FAE04EC0-301F-11D3-BF4B-00C04F79EFBC}") = "AuthServer", "AuthServer\AuthServer.csproj", "{6233CE6C-EF23-4FCA-95DE-DA329DA3E151}"
EndProject
Global
	GlobalSection(SolutionConfigurationPlatforms) = preSolution
		Debug|Any CPU = Debug|Any CPU
		Release|Any CPU = Release|Any CPU
	EndGlobalSection
	GlobalSection(ProjectConfigurationPlatforms) = postSolution
		{6233CE6C-EF23-4FCA-95DE-DA329DA3E151}.Debug|Any CPU.ActiveCfg = Debug|Any CPU
		{6233CE6C-EF23-4FCA-95DE-DA329DA3E151}.Debug|Any CPU.Build.0 = Debug|Any CPU
		{6233CE6C-EF23-4FCA-95DE-DA329DA3E151}.Release|Any CPU.ActiveCfg = Release|Any CPU
		{6233CE6C-EF23-4FCA-95DE-DA329DA3E151}.Release|Any CPU.Build.0 = Release|Any CPU
	EndGlobalSection
EndGlobal
